
Microsoft Visual Studio Solution File, Format Version 12.00
# Visual Studio 15
VisualStudioVersion = 15.0.28307.572
MinimumVisualStudioVersion = 10.0.40219.1
Project("{FAE04EC0-301F-11D3-BF4B-00C04F79EFBC}") = "Url", "Url\Url.csproj", "{9B282899-2E0B-4B99-9E30-8BD4D771A4F4}"
EndProject
Global
	GlobalSection(SolutionConfigurationPlatforms) = preSolution
		Debug|Any CPU = Debug|Any CPU
		Release|Any CPU = Release|Any CPU
	EndGlobalSection
	GlobalSection(ProjectConfigurationPlatforms) = postSolution
		{9B282899-2E0B-4B99-9E30-8BD4D771A4F4}.Debug|Any CPU.ActiveCfg = Debug|Any CPU
		{9B282899-2E0B-4B99-9E30-8BD4D771A4F4}.Debug|Any CPU.Build.0 = Debug|Any CPU
		{9B282899-2E0B-4B99-9E30-8BD4D771A4F4}.Release|Any CPU.ActiveCfg = Release|Any CPU
		{9B282899-2E0B-4B99-9E30-8BD4D771A4F4}.Release|Any CPU.Build.0 = Release|Any CPU
	EndGlobalSection
	GlobalSection(SolutionProperties) = preSolution
		HideSolutionNode = FALSE
	EndGlobalSection
	GlobalSection(ExtensibilityGlobals) = postSolution
		SolutionGuid = {5CB75F21-7B1A-4B0D-BEE0-4523CCC9933E}
	EndGlobalSection
EndGlobal
